{
  "name": "sleeve",
  "version": "0.1.0",
  "lockfileVersion": 1,
  "requires": true,
  "dependencies": {
    "lin-ui": {
      "version": "0.6.7",
      "resolved": "https://registry.npmjs.org/lin-ui/-/lin-ui-0.6.7.tgz",
      "integrity": "sha512-wUKoABdt2bJT/3eeUaRJvjnFwCx6n5Qt4V7FQCAd7fetpYLjIRGPc43DGtzuZ1eHqMYG9ITr5PCFW98xaoqaCg=="
    }
  }
}
